{
  "originHash" : "68d7221c23006e4d0529af679492ed84de36ed083dbc5a89c578571a872204f1",
  "pins" : [
    {
      "identity" : "music",
      "kind" : "remoteSourceControl",
      "location" : "https://github.com/mmuszynski/Music.git",
      "state" : {
        "revision" : "b799ebda47b53441986ecf5d5abbcf26b26f5da8",
        "version" : "1.0.4"
      }
    },
    {
      "identity" : "svgparser",
      "kind" : "remoteSourceControl",
      "location" : "https://github.com/mmuszynski/SVGParser.git",
      "state" : {
        "revision" : "f352a65061f3363d5f4ad60b58dae81df4d20830",
        "version" : "0.0.15"
      }
    }
  ],
  "version" : 3
}
