{
  "object": {
    "pins": [
      {
        "package": "Music",
        "repositoryURL": "git@github.com:mmuszynski/Music.git",
        "state": {
          "branch": "master",
          "revision": "b4893a9ef49d1dc6e3b453414676f861d4343306",
          "version": null
        }
      },
      {
        "package": "SVGParser",
        "repositoryURL": "git@bitbucket.org:mmuszynski/svgparser.git",
        "state": {
          "branch": "master",
          "revision": "12b6b760392726906bb1d2b3a36e4a544959a775",
          "version": null
        }
      }
    ]
  },
  "version": 1
}
